<?xml version="1.0" encoding="utf-8"?>
<Project ToolsVersion="4.0" xmlns="http://schemas.microsoft.com/developer/msbuild/2003">
  <ItemGroup>
    <Filter Include="system">
      <UniqueIdentifier>{22dd8095-74f9-46df-81a1-36675a040b1f}</UniqueIdentifier>
    </Filter>
    <Filter Include="Source">
      <UniqueIdentifier>{f96f2d61-58dd-41c6-8729-0ff2f3b6dff8}</UniqueIdentifier>
    </Filter>
    <Filter Include="Source\Stage">
      <UniqueIdentifier>{8d98b791-46cc-4f20-9226-833162916239}</UniqueIdentifier>
    </Filter>
    <Filter Include="GameCamera">
      <UniqueIdentifier>{13d5c333-ae60-4002-970a-3bed40cb372a}</UniqueIdentifier>
    </Filter>
    <Filter Include="Source\Character">
      <UniqueIdentifier>{bbba0d7e-26e8-4049-b8be-48bfeaad75ae}</UniqueIdentifier>
    </Filter>
    <Filter Include="Source\Character\Player">
      <UniqueIdentifier>{2e9e77de-027e-4516-a49d-baaaf55168ed}</UniqueIdentifier>
    </Filter>
  </ItemGroup>
  <ItemGroup>
    <ClCompile Include="stdafx.cpp" />
    <ClCompile Include="main.cpp" />
    <ClCompile Include="system\system.cpp">
      <Filter>system</Filter>
    </ClCompile>
    <ClCompile Include="Game.cpp" />
    <ClCompile Include="Source\Stage\TennisCourt.cpp">
      <Filter>Source\Stage</Filter>
    </ClCompile>
    <ClCompile Include="GameCamera\GameCamera.cpp">
      <Filter>GameCamera</Filter>
    </ClCompile>
    <ClCompile Include="Source\Character\Player\Player.cpp">
      <Filter>Source\Character\Player</Filter>
    </ClCompile>
    <ClCompile Include="Source\Character\Character.cpp">
      <Filter>Source\Character</Filter>
    </ClCompile>
  </ItemGroup>
  <ItemGroup>
    <ClInclude Include="stdafx.h" />
    <ClInclude Include="system\system.h">
      <Filter>system</Filter>
    </ClInclude>
    <ClInclude Include="Game.h" />
    <ClInclude Include="Source\Stage\TennisCourt.h">
      <Filter>Source\Stage</Filter>
    </ClInclude>
    <ClInclude Include="GameCamera\GameCamera.h">
      <Filter>GameCamera</Filter>
    </ClInclude>
    <ClInclude Include="Source\Character\Player\Player.h">
      <Filter>Source\Character\Player</Filter>
    </ClInclude>
    <ClInclude Include="Source\Character\Character.h">
      <Filter>Source\Character</Filter>
    </ClInclude>
  </ItemGroup>
</Project>